<?xml version="1.0" encoding="utf-8"?>
<Project ToolsVersion="4.0" xmlns="http://schemas.microsoft.com/developer/msbuild/2003">
  <ItemGroup>
    <None Include="packages.config" />
  </ItemGroup>
  <ItemGroup>
    <Filter Include="src">
      <UniqueIdentifier>{6ab616a8-d806-4976-900c-1311873d2c0c}</UniqueIdentifier>
    </Filter>
    <Filter Include="include">
      <UniqueIdentifier>{7fd62ccb-fe93-44c0-8bca-c36c419746b3}</UniqueIdentifier>
    </Filter>
  </ItemGroup>
  <ItemGroup>
    <ClCompile Include="..\..\dl\src\common.cpp">
      <Filter>src</Filter>
    </ClCompile>
    <ClCompile Include="..\..\dl\src\dc.cpp">
      <Filter>src</Filter>
    </ClCompile>
    <ClCompile Include="..\..\dl\src\dl.cpp">
      <Filter>src</Filter>
    </ClCompile>
  </ItemGroup>
  <ItemGroup>
    <ClInclude Include="..\..\dl\src\common.h">
      <Filter>src</Filter>
    </ClInclude>
    <ClInclude Include="..\..\dl\src\dc.h">
      <Filter>src</Filter>
    </ClInclude>
    <ClInclude Include="..\..\dl\include\dl.h">
      <Filter>include</Filter>
    </ClInclude>
  </ItemGroup>
</Project>